
Microsoft Visual Studio Solution File, Format Version 12.00
# Visual Studio Version 16
VisualStudioVersion = 16.0.33027.164
MinimumVisualStudioVersion = 10.0.40219.1
Project("{FAE04EC0-301F-11D3-BF4B-00C04F79EFBC}") = "SliderCrud", "SliderCrud\SliderCrud.csproj", "{19240804-EF58-4DE3-86C2-A2294E12197D}"
EndProject
Global
	GlobalSection(SolutionConfigurationPlatforms) = preSolution
		Debug|Any CPU = Debug|Any CPU
		Release|Any CPU = Release|Any CPU
	EndGlobalSection
	GlobalSection(ProjectConfigurationPlatforms) = postSolution
		{19240804-EF58-4DE3-86C2-A2294E12197D}.Debug|Any CPU.ActiveCfg = Debug|Any CPU
		{19240804-EF58-4DE3-86C2-A2294E12197D}.Debug|Any CPU.Build.0 = Debug|Any CPU
		{19240804-EF58-4DE3-86C2-A2294E12197D}.Release|Any CPU.ActiveCfg = Release|Any CPU
		{19240804-EF58-4DE3-86C2-A2294E12197D}.Release|Any CPU.Build.0 = Release|Any CPU
	EndGlobalSection
	GlobalSection(SolutionProperties) = preSolution
		HideSolutionNode = FALSE
	EndGlobalSection
	GlobalSection(ExtensibilityGlobals) = postSolution
		SolutionGuid = {2632B861-ED2C-4217-843D-9C453E156441}
	EndGlobalSection
EndGlobal
